
Microsoft Visual Studio Solution File, Format Version 12.00
# Visual Studio Version 17
VisualStudioVersion = 17.13.35828.75 d17.13
MinimumVisualStudioVersion = 10.0.40219.1
Project("{FAE04EC0-301F-11D3-BF4B-00C04F79EFBC}") = "JApi", "JApi\JApi.csproj", "{4319017C-9F3A-4349-8F80-7BD20DC23084}"
EndProject
Global
	GlobalSection(SolutionConfigurationPlatforms) = preSolution
		Debug|Any CPU = Debug|Any CPU
		Release|Any CPU = Release|Any CPU
	EndGlobalSection
	GlobalSection(ProjectConfigurationPlatforms) = postSolution
		{4319017C-9F3A-4349-8F80-7BD20DC23084}.Debug|Any CPU.ActiveCfg = Debug|Any CPU
		{4319017C-9F3A-4349-8F80-7BD20DC23084}.Debug|Any CPU.Build.0 = Debug|Any CPU
		{4319017C-9F3A-4349-8F80-7BD20DC23084}.Release|Any CPU.ActiveCfg = Release|Any CPU
		{4319017C-9F3A-4349-8F80-7BD20DC23084}.Release|Any CPU.Build.0 = Release|Any CPU
	EndGlobalSection
	GlobalSection(SolutionProperties) = preSolution
		HideSolutionNode = FALSE
	EndGlobalSection
	GlobalSection(ExtensibilityGlobals) = postSolution
		SolutionGuid = {7527659D-347A-4D21-9DC9-788BCAA7F89A}
	EndGlobalSection
EndGlobal
